
Microsoft Visual Studio Solution File, Format Version 12.00
# Visual Studio 15
VisualStudioVersion = 15.0.33423.255
MinimumVisualStudioVersion = 10.0.40219.1
Project("{262852C6-CD72-467D-83FE-5EEB1973A190}") = "JSApp1", "JSApp1\JSApp1.jsproj", "{5D22AEBA-39B7-4A9C-A6AC-4DCAC3F7A5FC}"
EndProject
Global
	GlobalSection(SolutionConfigurationPlatforms) = preSolution
		Debug|Any CPU = Debug|Any CPU
		Debug|ARM = Debug|ARM
		Debug|ARM64 = Debug|ARM64
		Debug|x64 = Debug|x64
		Debug|x86 = Debug|x86
		Release|Any CPU = Release|Any CPU
		Release|ARM = Release|ARM
		Release|ARM64 = Release|ARM64
		Release|x64 = Release|x64
		Release|x86 = Release|x86
	EndGlobalSection
	GlobalSection(ProjectConfigurationPlatforms) = postSolution
		{5D22AEBA-39B7-4A9C-A6AC-4DCAC3F7A5FC}.Debug|Any CPU.ActiveCfg = Debug|Any CPU
		{5D22AEBA-39B7-4A9C-A6AC-4DCAC3F7A5FC}.Debug|Any CPU.Build.0 = Debug|Any CPU
		{5D22AEBA-39B7-4A9C-A6AC-4DCAC3F7A5FC}.Debug|Any CPU.Deploy.0 = Debug|Any CPU
		{5D22AEBA-39B7-4A9C-A6AC-4DCAC3F7A5FC}.Debug|ARM.ActiveCfg = Debug|ARM
		{5D22AEBA-39B7-4A9C-A6AC-4DCAC3F7A5FC}.Debug|ARM.Build.0 = Debug|ARM
		{5D22AEBA-39B7-4A9C-A6AC-4DCAC3F7A5FC}.Debug|ARM.Deploy.0 = Debug|ARM
		{5D22AEBA-39B7-4A9C-A6AC-4DCAC3F7A5FC}.Debug|ARM64.ActiveCfg = Debug|ARM64
		{5D22AEBA-39B7-4A9C-A6AC-4DCAC3F7A5FC}.Debug|ARM64.Build.0 = Debug|ARM64
		{5D22AEBA-39B7-4A9C-A6AC-4DCAC3F7A5FC}.Debug|ARM64.Deploy.0 = Debug|ARM64
		{5D22AEBA-39B7-4A9C-A6AC-4DCAC3F7A5FC}.Debug|x64.ActiveCfg = Debug|x64
		{5D22AEBA-39B7-4A9C-A6AC-4DCAC3F7A5FC}.Debug|x64.Build.0 = Debug|x64
		{5D22AEBA-39B7-4A9C-A6AC-4DCAC3F7A5FC}.Debug|x64.Deploy.0 = Debug|x64
		{5D22AEBA-39B7-4A9C-A6AC-4DCAC3F7A5FC}.Debug|x86.ActiveCfg = Debug|x86
		{5D22AEBA-39B7-4A9C-A6AC-4DCAC3F7A5FC}.Debug|x86.Build.0 = Debug|x86
		{5D22AEBA-39B7-4A9C-A6AC-4DCAC3F7A5FC}.Debug|x86.Deploy.0 = Debug|x86
		{5D22AEBA-39B7-4A9C-A6AC-4DCAC3F7A5FC}.Release|Any CPU.ActiveCfg = Release|Any CPU
		{5D22AEBA-39B7-4A9C-A6AC-4DCAC3F7A5FC}.Release|Any CPU.Build.0 = Release|Any CPU
		{5D22AEBA-39B7-4A9C-A6AC-4DCAC3F7A5FC}.Release|Any CPU.Deploy.0 = Release|Any CPU
		{5D22AEBA-39B7-4A9C-A6AC-4DCAC3F7A5FC}.Release|ARM.ActiveCfg = Release|ARM
		{5D22AEBA-39B7-4A9C-A6AC-4DCAC3F7A5FC}.Release|ARM.Build.0 = Release|ARM
		{5D22AEBA-39B7-4A9C-A6AC-4DCAC3F7A5FC}.Release|ARM.Deploy.0 = Release|ARM
		{5D22AEBA-39B7-4A9C-A6AC-4DCAC3F7A5FC}.Release|ARM64.ActiveCfg = Release|ARM64
		{5D22AEBA-39B7-4A9C-A6AC-4DCAC3F7A5FC}.Release|ARM64.Build.0 = Release|ARM64
		{5D22AEBA-39B7-4A9C-A6AC-4DCAC3F7A5FC}.Release|ARM64.Deploy.0 = Release|ARM64
		{5D22AEBA-39B7-4A9C-A6AC-4DCAC3F7A5FC}.Release|x64.ActiveCfg = Release|x64
		{5D22AEBA-39B7-4A9C-A6AC-4DCAC3F7A5FC}.Release|x64.Build.0 = Release|x64
		{5D22AEBA-39B7-4A9C-A6AC-4DCAC3F7A5FC}.Release|x64.Deploy.0 = Release|x64
		{5D22AEBA-39B7-4A9C-A6AC-4DCAC3F7A5FC}.Release|x86.ActiveCfg = Release|x86
		{5D22AEBA-39B7-4A9C-A6AC-4DCAC3F7A5FC}.Release|x86.Build.0 = Release|x86
		{5D22AEBA-39B7-4A9C-A6AC-4DCAC3F7A5FC}.Release|x86.Deploy.0 = Release|x86
	EndGlobalSection
	GlobalSection(SolutionProperties) = preSolution
		HideSolutionNode = FALSE
	EndGlobalSection
	GlobalSection(ExtensibilityGlobals) = postSolution
		SolutionGuid = {15DF99DF-4645-4479-9EC4-326B465D67E8}
	EndGlobalSection
EndGlobal
